
Microsoft Visual Studio Solution File, Format Version 12.00
# Visual Studio 15
VisualStudioVersion = 15.0.28010.2046
MinimumVisualStudioVersion = 10.0.40219.1
Project("{FAE04EC0-301F-11D3-BF4B-00C04F79EFBC}") = "SportsStore", "SportsStore\SportsStore.csproj", "{7AA18757-E176-4C07-B0CB-10211120DB0E}"
EndProject
Project("{FAE04EC0-301F-11D3-BF4B-00C04F79EFBC}") = "SportsStore.Tests", "SportsStore.Tests\SportsStore.Tests.csproj", "{B041EF44-D2E9-4E0D-890D-9C8FEC6F6EAB}"
EndProject
Global
	GlobalSection(SolutionConfigurationPlatforms) = preSolution
		Debug|Any CPU = Debug|Any CPU
		Release|Any CPU = Release|Any CPU
	EndGlobalSection
	GlobalSection(ProjectConfigurationPlatforms) = postSolution
		{7AA18757-E176-4C07-B0CB-10211120DB0E}.Debug|Any CPU.ActiveCfg = Debug|Any CPU
		{7AA18757-E176-4C07-B0CB-10211120DB0E}.Debug|Any CPU.Build.0 = Debug|Any CPU
		{7AA18757-E176-4C07-B0CB-10211120DB0E}.Release|Any CPU.ActiveCfg = Release|Any CPU
		{7AA18757-E176-4C07-B0CB-10211120DB0E}.Release|Any CPU.Build.0 = Release|Any CPU
		{B041EF44-D2E9-4E0D-890D-9C8FEC6F6EAB}.Debug|Any CPU.ActiveCfg = Debug|Any CPU
		{B041EF44-D2E9-4E0D-890D-9C8FEC6F6EAB}.Debug|Any CPU.Build.0 = Debug|Any CPU
		{B041EF44-D2E9-4E0D-890D-9C8FEC6F6EAB}.Release|Any CPU.ActiveCfg = Release|Any CPU
		{B041EF44-D2E9-4E0D-890D-9C8FEC6F6EAB}.Release|Any CPU.Build.0 = Release|Any CPU
	EndGlobalSection
	GlobalSection(SolutionProperties) = preSolution
		HideSolutionNode = FALSE
	EndGlobalSection
	GlobalSection(ExtensibilityGlobals) = postSolution
		SolutionGuid = {76A9C915-757A-4BA9-9D12-7330A5C879DB}
	EndGlobalSection
EndGlobal
